
Microsoft Visual Studio Solution File, Format Version 12.00
# Visual Studio 15
VisualStudioVersion = 15.0.26124.0
MinimumVisualStudioVersion = 15.0.26124.0
Project("{F2A71F9B-5D33-465A-A702-920D77279786}") = "enty.Core", "src\enty.Core\enty.Core.fsproj", "{63152C32-447E-4414-AF36-A3CC43904CCA}"
EndProject
Project("{F2A71F9B-5D33-465A-A702-920D77279786}") = "enty.Utils", "src\enty.Utils\enty.Utils.fsproj", "{2323FA74-495B-4702-9BC0-DD346E24286D}"
EndProject
Project("{F2A71F9B-5D33-465A-A702-920D77279786}") = "enty.Mind", "src\enty.Mind\enty.Mind.fsproj", "{54C93563-048C-4285-8A50-135E283E2063}"
EndProject
Project("{F2A71F9B-5D33-465A-A702-920D77279786}") = "enty.Mind.Client", "src\enty.Mind.Client\enty.Mind.Client.fsproj", "{5D81C37E-F71F-41F7-90D1-72BF38C18793}"
EndProject
Project("{F2A71F9B-5D33-465A-A702-920D77279786}") = "enty.Mind.Server", "src\enty.Mind.Server\enty.Mind.Server.fsproj", "{CBAAECE8-9F01-4FC3-B850-CCB48F72F845}"
EndProject
Project("{2150E333-8FDC-42A3-9474-1A3956D46DE8}") = "Mind", "Mind", "{29D2AFDC-5447-442B-A6D1-C1B988C5DED1}"
EndProject
Project("{2150E333-8FDC-42A3-9474-1A3956D46DE8}") = "ResourceStorage", "ResourceStorage", "{F8EF0398-00B6-4BEC-8A4B-C271BCD5423D}"
EndProject
Project("{2150E333-8FDC-42A3-9474-1A3956D46DE8}") = "Libs", "Libs", "{FD8B31E2-D9FB-4E7A-B196-58D5F0D2058B}"
EndProject
Project("{F2A71F9B-5D33-465A-A702-920D77279786}") = "Khonsu.Coding", "lib\Khonsu.Coding\Khonsu.Coding.fsproj", "{7CFC02F7-6C7C-44AE-9524-7FB491281344}"
EndProject
Project("{F2A71F9B-5D33-465A-A702-920D77279786}") = "Khonsu.ApiSpec.Giraffe", "lib\Khonsu.ApiSpec.Giraffe\Khonsu.ApiSpec.Giraffe.fsproj", "{8526345D-EBEE-4F33-BE57-B29E56FDF6D7}"
EndProject
Project("{2150E333-8FDC-42A3-9474-1A3956D46DE8}") = "WebApp", "WebApp", "{1A618EA6-333E-4386-97B5-BD650D0BD920}"
ProjectSection(SolutionItems) = preProject
	src\WebApp\webpack.config.js = src\WebApp\webpack.config.js
	src\WebApp\package.json = src\WebApp\package.json
EndProjectSection
EndProject
Project("{F2A71F9B-5D33-465A-A702-920D77279786}") = "enty.WebApp", "src\WebApp\src\enty.WebApp\enty.WebApp.fsproj", "{BFD9F3C4-EDB6-4907-BD5D-8E82EC579D12}"
EndProject
Project("{F2A71F9B-5D33-465A-A702-920D77279786}") = "enty.Mind.Client.Fable", "src\WebApp\src\enty.Mind.Client.Fable\enty.Mind.Client.Fable.fsproj", "{7750E554-7354-4A19-AFA0-73889AA36EB4}"
EndProject
Project("{F2A71F9B-5D33-465A-A702-920D77279786}") = "Khonsu.ApiSpec.Fable", "lib\Khonsu.ApiSpec.Fable\Khonsu.ApiSpec.Fable.fsproj", "{0CBA6082-9B19-4477-B6FE-5B091799A4A5}"
EndProject
Project("{2150E333-8FDC-42A3-9474-1A3956D46DE8}") = "Khonsu", "Khonsu", "{C1983797-5A34-4181-8639-898020791691}"
EndProject
Project("{F2A71F9B-5D33-465A-A702-920D77279786}") = "enty.ResourceStorage.Server", "src\enty.ResourceStorage.Server\enty.ResourceStorage.Server.fsproj", "{88A36BF4-28BB-4C27-8F4D-15FBB3008F71}"
EndProject
Project("{F2A71F9B-5D33-465A-A702-920D77279786}") = "Khonsu.ApiSpec", "lib\Khonsu.ApiSpec\Khonsu.ApiSpec.fsproj", "{CA3C2188-0FC4-4220-9FA7-F3ED3A4693E6}"
EndProject
Project("{F2A71F9B-5D33-465A-A702-920D77279786}") = "Khonsu.ApiSpec.Client", "lib\Khonsu.ApiSpec.Client\Khonsu.ApiSpec.Client.fsproj", "{68265214-96E7-419D-A909-36E0BC702034}"
EndProject
Project("{2150E333-8FDC-42A3-9474-1A3956D46DE8}") = "Coding", "Coding", "{26426B6D-544C-415E-884B-FD561465C841}"
EndProject
Project("{F2A71F9B-5D33-465A-A702-920D77279786}") = "Khonsu.Coding.Json", "lib\Khonsu.Coding.Json\Khonsu.Coding.Json.fsproj", "{B6C15D59-AAC3-4540-BC25-C4BD63921743}"
EndProject
Project("{F2A71F9B-5D33-465A-A702-920D77279786}") = "Khonsu.Coding.Json.Fable", "lib\Khonsu.Coding.Json.Fable\Khonsu.Coding.Json.Fable.fsproj", "{9DAD8E02-6D9D-4E65-AD51-57D503E86CA0}"
EndProject
Project("{F2A71F9B-5D33-465A-A702-920D77279786}") = "Khonsu.Coding.Json.Net", "lib\Khonsu.Coding.Json.Net\Khonsu.Coding.Json.Net.fsproj", "{715F0DE8-9CC2-4FB3-B17B-F16DBCBBF504}"
EndProject
Project("{FAE04EC0-301F-11D3-BF4B-00C04F79EFBC}") = "enty.Mind.Grpc.Server", "src\enty.Mind.Grpc.Server\enty.Mind.Grpc.Server.csproj", "{0E6D550A-432B-4A9B-9997-BBBBCBA51B72}"
EndProject
Project("{FAE04EC0-301F-11D3-BF4B-00C04F79EFBC}") = "enty.Mind.Grpc.Client", "src\enty.Mind.Grpc.Client\enty.Mind.Grpc.Client.csproj", "{9F7FCC58-C24D-4072-8BEA-2FD247948CBE}"
EndProject
Project("{F2A71F9B-5D33-465A-A702-920D77279786}") = "enty.Mind.Gateway", "src\enty.Mind.Gateway\enty.Mind.Gateway.fsproj", "{0E05AE27-740B-481A-837F-124AA763BF93}"
EndProject
Project("{F2A71F9B-5D33-465A-A702-920D77279786}") = "enty.ImagePreviewService.Server", "src\enty.ImagePreviewService.Server\enty.ImagePreviewService.Server.fsproj", "{A73DD112-F339-4B5D-8A46-0252089735F4}"
EndProject
Project("{F2A71F9B-5D33-465A-A702-920D77279786}") = "enty.ImagePreviewService.Client.Fable", "src\enty.ImagePreviewService.Client.Fable\enty.ImagePreviewService.Client.Fable.fsproj", "{30E68FB1-4AE0-45F8-8368-053B1D8C4B53}"
EndProject
Global
	GlobalSection(SolutionConfigurationPlatforms) = preSolution
		Debug|Any CPU = Debug|Any CPU
		Debug|x64 = Debug|x64
		Debug|x86 = Debug|x86
		Release|Any CPU = Release|Any CPU
		Release|x64 = Release|x64
		Release|x86 = Release|x86
	EndGlobalSection
	GlobalSection(SolutionProperties) = preSolution
		HideSolutionNode = FALSE
	EndGlobalSection
	GlobalSection(ProjectConfigurationPlatforms) = postSolution
		{63152C32-447E-4414-AF36-A3CC43904CCA}.Debug|Any CPU.ActiveCfg = Debug|Any CPU
		{63152C32-447E-4414-AF36-A3CC43904CCA}.Debug|Any CPU.Build.0 = Debug|Any CPU
		{63152C32-447E-4414-AF36-A3CC43904CCA}.Debug|x64.ActiveCfg = Debug|Any CPU
		{63152C32-447E-4414-AF36-A3CC43904CCA}.Debug|x64.Build.0 = Debug|Any CPU
		{63152C32-447E-4414-AF36-A3CC43904CCA}.Debug|x86.ActiveCfg = Debug|Any CPU
		{63152C32-447E-4414-AF36-A3CC43904CCA}.Debug|x86.Build.0 = Debug|Any CPU
		{63152C32-447E-4414-AF36-A3CC43904CCA}.Release|Any CPU.ActiveCfg = Release|Any CPU
		{63152C32-447E-4414-AF36-A3CC43904CCA}.Release|Any CPU.Build.0 = Release|Any CPU
		{63152C32-447E-4414-AF36-A3CC43904CCA}.Release|x64.ActiveCfg = Release|Any CPU
		{63152C32-447E-4414-AF36-A3CC43904CCA}.Release|x64.Build.0 = Release|Any CPU
		{63152C32-447E-4414-AF36-A3CC43904CCA}.Release|x86.ActiveCfg = Release|Any CPU
		{63152C32-447E-4414-AF36-A3CC43904CCA}.Release|x86.Build.0 = Release|Any CPU
		{2323FA74-495B-4702-9BC0-DD346E24286D}.Debug|Any CPU.ActiveCfg = Debug|Any CPU
		{2323FA74-495B-4702-9BC0-DD346E24286D}.Debug|Any CPU.Build.0 = Debug|Any CPU
		{2323FA74-495B-4702-9BC0-DD346E24286D}.Debug|x64.ActiveCfg = Debug|Any CPU
		{2323FA74-495B-4702-9BC0-DD346E24286D}.Debug|x64.Build.0 = Debug|Any CPU
		{2323FA74-495B-4702-9BC0-DD346E24286D}.Debug|x86.ActiveCfg = Debug|Any CPU
		{2323FA74-495B-4702-9BC0-DD346E24286D}.Debug|x86.Build.0 = Debug|Any CPU
		{2323FA74-495B-4702-9BC0-DD346E24286D}.Release|Any CPU.ActiveCfg = Release|Any CPU
		{2323FA74-495B-4702-9BC0-DD346E24286D}.Release|Any CPU.Build.0 = Release|Any CPU
		{2323FA74-495B-4702-9BC0-DD346E24286D}.Release|x64.ActiveCfg = Release|Any CPU
		{2323FA74-495B-4702-9BC0-DD346E24286D}.Release|x64.Build.0 = Release|Any CPU
		{2323FA74-495B-4702-9BC0-DD346E24286D}.Release|x86.ActiveCfg = Release|Any CPU
		{2323FA74-495B-4702-9BC0-DD346E24286D}.Release|x86.Build.0 = Release|Any CPU
		{54C93563-048C-4285-8A50-135E283E2063}.Debug|Any CPU.ActiveCfg = Debug|Any CPU
		{54C93563-048C-4285-8A50-135E283E2063}.Debug|Any CPU.Build.0 = Debug|Any CPU
		{54C93563-048C-4285-8A50-135E283E2063}.Debug|x64.ActiveCfg = Debug|Any CPU
		{54C93563-048C-4285-8A50-135E283E2063}.Debug|x64.Build.0 = Debug|Any CPU
		{54C93563-048C-4285-8A50-135E283E2063}.Debug|x86.ActiveCfg = Debug|Any CPU
		{54C93563-048C-4285-8A50-135E283E2063}.Debug|x86.Build.0 = Debug|Any CPU
		{54C93563-048C-4285-8A50-135E283E2063}.Release|Any CPU.ActiveCfg = Release|Any CPU
		{54C93563-048C-4285-8A50-135E283E2063}.Release|Any CPU.Build.0 = Release|Any CPU
		{54C93563-048C-4285-8A50-135E283E2063}.Release|x64.ActiveCfg = Release|Any CPU
		{54C93563-048C-4285-8A50-135E283E2063}.Release|x64.Build.0 = Release|Any CPU
		{54C93563-048C-4285-8A50-135E283E2063}.Release|x86.ActiveCfg = Release|Any CPU
		{54C93563-048C-4285-8A50-135E283E2063}.Release|x86.Build.0 = Release|Any CPU
		{5D81C37E-F71F-41F7-90D1-72BF38C18793}.Debug|Any CPU.ActiveCfg = Debug|Any CPU
		{5D81C37E-F71F-41F7-90D1-72BF38C18793}.Debug|Any CPU.Build.0 = Debug|Any CPU
		{5D81C37E-F71F-41F7-90D1-72BF38C18793}.Debug|x64.ActiveCfg = Debug|Any CPU
		{5D81C37E-F71F-41F7-90D1-72BF38C18793}.Debug|x64.Build.0 = Debug|Any CPU
		{5D81C37E-F71F-41F7-90D1-72BF38C18793}.Debug|x86.ActiveCfg = Debug|Any CPU
		{5D81C37E-F71F-41F7-90D1-72BF38C18793}.Debug|x86.Build.0 = Debug|Any CPU
		{5D81C37E-F71F-41F7-90D1-72BF38C18793}.Release|Any CPU.ActiveCfg = Release|Any CPU
		{5D81C37E-F71F-41F7-90D1-72BF38C18793}.Release|Any CPU.Build.0 = Release|Any CPU
		{5D81C37E-F71F-41F7-90D1-72BF38C18793}.Release|x64.ActiveCfg = Release|Any CPU
		{5D81C37E-F71F-41F7-90D1-72BF38C18793}.Release|x64.Build.0 = Release|Any CPU
		{5D81C37E-F71F-41F7-90D1-72BF38C18793}.Release|x86.ActiveCfg = Release|Any CPU
		{5D81C37E-F71F-41F7-90D1-72BF38C18793}.Release|x86.Build.0 = Release|Any CPU
		{CBAAECE8-9F01-4FC3-B850-CCB48F72F845}.Debug|Any CPU.ActiveCfg = Debug|Any CPU
		{CBAAECE8-9F01-4FC3-B850-CCB48F72F845}.Debug|Any CPU.Build.0 = Debug|Any CPU
		{CBAAECE8-9F01-4FC3-B850-CCB48F72F845}.Debug|x64.ActiveCfg = Debug|Any CPU
		{CBAAECE8-9F01-4FC3-B850-CCB48F72F845}.Debug|x64.Build.0 = Debug|Any CPU
		{CBAAECE8-9F01-4FC3-B850-CCB48F72F845}.Debug|x86.ActiveCfg = Debug|Any CPU
		{CBAAECE8-9F01-4FC3-B850-CCB48F72F845}.Debug|x86.Build.0 = Debug|Any CPU
		{CBAAECE8-9F01-4FC3-B850-CCB48F72F845}.Release|Any CPU.ActiveCfg = Release|Any CPU
		{CBAAECE8-9F01-4FC3-B850-CCB48F72F845}.Release|Any CPU.Build.0 = Release|Any CPU
		{CBAAECE8-9F01-4FC3-B850-CCB48F72F845}.Release|x64.ActiveCfg = Release|Any CPU
		{CBAAECE8-9F01-4FC3-B850-CCB48F72F845}.Release|x64.Build.0 = Release|Any CPU
		{CBAAECE8-9F01-4FC3-B850-CCB48F72F845}.Release|x86.ActiveCfg = Release|Any CPU
		{CBAAECE8-9F01-4FC3-B850-CCB48F72F845}.Release|x86.Build.0 = Release|Any CPU
		{7CFC02F7-6C7C-44AE-9524-7FB491281344}.Debug|Any CPU.ActiveCfg = Debug|Any CPU
		{7CFC02F7-6C7C-44AE-9524-7FB491281344}.Debug|Any CPU.Build.0 = Debug|Any CPU
		{7CFC02F7-6C7C-44AE-9524-7FB491281344}.Debug|x64.ActiveCfg = Debug|Any CPU
		{7CFC02F7-6C7C-44AE-9524-7FB491281344}.Debug|x64.Build.0 = Debug|Any CPU
		{7CFC02F7-6C7C-44AE-9524-7FB491281344}.Debug|x86.ActiveCfg = Debug|Any CPU
		{7CFC02F7-6C7C-44AE-9524-7FB491281344}.Debug|x86.Build.0 = Debug|Any CPU
		{7CFC02F7-6C7C-44AE-9524-7FB491281344}.Release|Any CPU.ActiveCfg = Release|Any CPU
		{7CFC02F7-6C7C-44AE-9524-7FB491281344}.Release|Any CPU.Build.0 = Release|Any CPU
		{7CFC02F7-6C7C-44AE-9524-7FB491281344}.Release|x64.ActiveCfg = Release|Any CPU
		{7CFC02F7-6C7C-44AE-9524-7FB491281344}.Release|x64.Build.0 = Release|Any CPU
		{7CFC02F7-6C7C-44AE-9524-7FB491281344}.Release|x86.ActiveCfg = Release|Any CPU
		{7CFC02F7-6C7C-44AE-9524-7FB491281344}.Release|x86.Build.0 = Release|Any CPU
		{8526345D-EBEE-4F33-BE57-B29E56FDF6D7}.Debug|Any CPU.ActiveCfg = Debug|Any CPU
		{8526345D-EBEE-4F33-BE57-B29E56FDF6D7}.Debug|Any CPU.Build.0 = Debug|Any CPU
		{8526345D-EBEE-4F33-BE57-B29E56FDF6D7}.Debug|x64.ActiveCfg = Debug|Any CPU
		{8526345D-EBEE-4F33-BE57-B29E56FDF6D7}.Debug|x64.Build.0 = Debug|Any CPU
		{8526345D-EBEE-4F33-BE57-B29E56FDF6D7}.Debug|x86.ActiveCfg = Debug|Any CPU
		{8526345D-EBEE-4F33-BE57-B29E56FDF6D7}.Debug|x86.Build.0 = Debug|Any CPU
		{8526345D-EBEE-4F33-BE57-B29E56FDF6D7}.Release|Any CPU.ActiveCfg = Release|Any CPU
		{8526345D-EBEE-4F33-BE57-B29E56FDF6D7}.Release|Any CPU.Build.0 = Release|Any CPU
		{8526345D-EBEE-4F33-BE57-B29E56FDF6D7}.Release|x64.ActiveCfg = Release|Any CPU
		{8526345D-EBEE-4F33-BE57-B29E56FDF6D7}.Release|x64.Build.0 = Release|Any CPU
		{8526345D-EBEE-4F33-BE57-B29E56FDF6D7}.Release|x86.ActiveCfg = Release|Any CPU
		{8526345D-EBEE-4F33-BE57-B29E56FDF6D7}.Release|x86.Build.0 = Release|Any CPU
		{BFD9F3C4-EDB6-4907-BD5D-8E82EC579D12}.Debug|Any CPU.ActiveCfg = Debug|Any CPU
		{BFD9F3C4-EDB6-4907-BD5D-8E82EC579D12}.Debug|Any CPU.Build.0 = Debug|Any CPU
		{BFD9F3C4-EDB6-4907-BD5D-8E82EC579D12}.Debug|x64.ActiveCfg = Debug|Any CPU
		{BFD9F3C4-EDB6-4907-BD5D-8E82EC579D12}.Debug|x64.Build.0 = Debug|Any CPU
		{BFD9F3C4-EDB6-4907-BD5D-8E82EC579D12}.Debug|x86.ActiveCfg = Debug|Any CPU
		{BFD9F3C4-EDB6-4907-BD5D-8E82EC579D12}.Debug|x86.Build.0 = Debug|Any CPU
		{BFD9F3C4-EDB6-4907-BD5D-8E82EC579D12}.Release|Any CPU.ActiveCfg = Release|Any CPU
		{BFD9F3C4-EDB6-4907-BD5D-8E82EC579D12}.Release|Any CPU.Build.0 = Release|Any CPU
		{BFD9F3C4-EDB6-4907-BD5D-8E82EC579D12}.Release|x64.ActiveCfg = Release|Any CPU
		{BFD9F3C4-EDB6-4907-BD5D-8E82EC579D12}.Release|x64.Build.0 = Release|Any CPU
		{BFD9F3C4-EDB6-4907-BD5D-8E82EC579D12}.Release|x86.ActiveCfg = Release|Any CPU
		{BFD9F3C4-EDB6-4907-BD5D-8E82EC579D12}.Release|x86.Build.0 = Release|Any CPU
		{7750E554-7354-4A19-AFA0-73889AA36EB4}.Debug|Any CPU.ActiveCfg = Debug|Any CPU
		{7750E554-7354-4A19-AFA0-73889AA36EB4}.Debug|Any CPU.Build.0 = Debug|Any CPU
		{7750E554-7354-4A19-AFA0-73889AA36EB4}.Debug|x64.ActiveCfg = Debug|Any CPU
		{7750E554-7354-4A19-AFA0-73889AA36EB4}.Debug|x64.Build.0 = Debug|Any CPU
		{7750E554-7354-4A19-AFA0-73889AA36EB4}.Debug|x86.ActiveCfg = Debug|Any CPU
		{7750E554-7354-4A19-AFA0-73889AA36EB4}.Debug|x86.Build.0 = Debug|Any CPU
		{7750E554-7354-4A19-AFA0-73889AA36EB4}.Release|Any CPU.ActiveCfg = Release|Any CPU
		{7750E554-7354-4A19-AFA0-73889AA36EB4}.Release|Any CPU.Build.0 = Release|Any CPU
		{7750E554-7354-4A19-AFA0-73889AA36EB4}.Release|x64.ActiveCfg = Release|Any CPU
		{7750E554-7354-4A19-AFA0-73889AA36EB4}.Release|x64.Build.0 = Release|Any CPU
		{7750E554-7354-4A19-AFA0-73889AA36EB4}.Release|x86.ActiveCfg = Release|Any CPU
		{7750E554-7354-4A19-AFA0-73889AA36EB4}.Release|x86.Build.0 = Release|Any CPU
		{0CBA6082-9B19-4477-B6FE-5B091799A4A5}.Debug|Any CPU.ActiveCfg = Debug|Any CPU
		{0CBA6082-9B19-4477-B6FE-5B091799A4A5}.Debug|Any CPU.Build.0 = Debug|Any CPU
		{0CBA6082-9B19-4477-B6FE-5B091799A4A5}.Debug|x64.ActiveCfg = Debug|Any CPU
		{0CBA6082-9B19-4477-B6FE-5B091799A4A5}.Debug|x64.Build.0 = Debug|Any CPU
		{0CBA6082-9B19-4477-B6FE-5B091799A4A5}.Debug|x86.ActiveCfg = Debug|Any CPU
		{0CBA6082-9B19-4477-B6FE-5B091799A4A5}.Debug|x86.Build.0 = Debug|Any CPU
		{0CBA6082-9B19-4477-B6FE-5B091799A4A5}.Release|Any CPU.ActiveCfg = Release|Any CPU
		{0CBA6082-9B19-4477-B6FE-5B091799A4A5}.Release|Any CPU.Build.0 = Release|Any CPU
		{0CBA6082-9B19-4477-B6FE-5B091799A4A5}.Release|x64.ActiveCfg = Release|Any CPU
		{0CBA6082-9B19-4477-B6FE-5B091799A4A5}.Release|x64.Build.0 = Release|Any CPU
		{0CBA6082-9B19-4477-B6FE-5B091799A4A5}.Release|x86.ActiveCfg = Release|Any CPU
		{0CBA6082-9B19-4477-B6FE-5B091799A4A5}.Release|x86.Build.0 = Release|Any CPU
		{88A36BF4-28BB-4C27-8F4D-15FBB3008F71}.Debug|Any CPU.ActiveCfg = Debug|Any CPU
		{88A36BF4-28BB-4C27-8F4D-15FBB3008F71}.Debug|Any CPU.Build.0 = Debug|Any CPU
		{88A36BF4-28BB-4C27-8F4D-15FBB3008F71}.Debug|x64.ActiveCfg = Debug|Any CPU
		{88A36BF4-28BB-4C27-8F4D-15FBB3008F71}.Debug|x64.Build.0 = Debug|Any CPU
		{88A36BF4-28BB-4C27-8F4D-15FBB3008F71}.Debug|x86.ActiveCfg = Debug|Any CPU
		{88A36BF4-28BB-4C27-8F4D-15FBB3008F71}.Debug|x86.Build.0 = Debug|Any CPU
		{88A36BF4-28BB-4C27-8F4D-15FBB3008F71}.Release|Any CPU.ActiveCfg = Release|Any CPU
		{88A36BF4-28BB-4C27-8F4D-15FBB3008F71}.Release|Any CPU.Build.0 = Release|Any CPU
		{88A36BF4-28BB-4C27-8F4D-15FBB3008F71}.Release|x64.ActiveCfg = Release|Any CPU
		{88A36BF4-28BB-4C27-8F4D-15FBB3008F71}.Release|x64.Build.0 = Release|Any CPU
		{88A36BF4-28BB-4C27-8F4D-15FBB3008F71}.Release|x86.ActiveCfg = Release|Any CPU
		{88A36BF4-28BB-4C27-8F4D-15FBB3008F71}.Release|x86.Build.0 = Release|Any CPU
		{CA3C2188-0FC4-4220-9FA7-F3ED3A4693E6}.Debug|Any CPU.ActiveCfg = Debug|Any CPU
		{CA3C2188-0FC4-4220-9FA7-F3ED3A4693E6}.Debug|Any CPU.Build.0 = Debug|Any CPU
		{CA3C2188-0FC4-4220-9FA7-F3ED3A4693E6}.Debug|x64.ActiveCfg = Debug|Any CPU
		{CA3C2188-0FC4-4220-9FA7-F3ED3A4693E6}.Debug|x64.Build.0 = Debug|Any CPU
		{CA3C2188-0FC4-4220-9FA7-F3ED3A4693E6}.Debug|x86.ActiveCfg = Debug|Any CPU
		{CA3C2188-0FC4-4220-9FA7-F3ED3A4693E6}.Debug|x86.Build.0 = Debug|Any CPU
		{CA3C2188-0FC4-4220-9FA7-F3ED3A4693E6}.Release|Any CPU.ActiveCfg = Release|Any CPU
		{CA3C2188-0FC4-4220-9FA7-F3ED3A4693E6}.Release|Any CPU.Build.0 = Release|Any CPU
		{CA3C2188-0FC4-4220-9FA7-F3ED3A4693E6}.Release|x64.ActiveCfg = Release|Any CPU
		{CA3C2188-0FC4-4220-9FA7-F3ED3A4693E6}.Release|x64.Build.0 = Release|Any CPU
		{CA3C2188-0FC4-4220-9FA7-F3ED3A4693E6}.Release|x86.ActiveCfg = Release|Any CPU
		{CA3C2188-0FC4-4220-9FA7-F3ED3A4693E6}.Release|x86.Build.0 = Release|Any CPU
		{68265214-96E7-419D-A909-36E0BC702034}.Debug|Any CPU.ActiveCfg = Debug|Any CPU
		{68265214-96E7-419D-A909-36E0BC702034}.Debug|Any CPU.Build.0 = Debug|Any CPU
		{68265214-96E7-419D-A909-36E0BC702034}.Debug|x64.ActiveCfg = Debug|Any CPU
		{68265214-96E7-419D-A909-36E0BC702034}.Debug|x64.Build.0 = Debug|Any CPU
		{68265214-96E7-419D-A909-36E0BC702034}.Debug|x86.ActiveCfg = Debug|Any CPU
		{68265214-96E7-419D-A909-36E0BC702034}.Debug|x86.Build.0 = Debug|Any CPU
		{68265214-96E7-419D-A909-36E0BC702034}.Release|Any CPU.ActiveCfg = Release|Any CPU
		{68265214-96E7-419D-A909-36E0BC702034}.Release|Any CPU.Build.0 = Release|Any CPU
		{68265214-96E7-419D-A909-36E0BC702034}.Release|x64.ActiveCfg = Release|Any CPU
		{68265214-96E7-419D-A909-36E0BC702034}.Release|x64.Build.0 = Release|Any CPU
		{68265214-96E7-419D-A909-36E0BC702034}.Release|x86.ActiveCfg = Release|Any CPU
		{68265214-96E7-419D-A909-36E0BC702034}.Release|x86.Build.0 = Release|Any CPU
		{B6C15D59-AAC3-4540-BC25-C4BD63921743}.Debug|Any CPU.ActiveCfg = Debug|Any CPU
		{B6C15D59-AAC3-4540-BC25-C4BD63921743}.Debug|Any CPU.Build.0 = Debug|Any CPU
		{B6C15D59-AAC3-4540-BC25-C4BD63921743}.Debug|x64.ActiveCfg = Debug|Any CPU
		{B6C15D59-AAC3-4540-BC25-C4BD63921743}.Debug|x64.Build.0 = Debug|Any CPU
		{B6C15D59-AAC3-4540-BC25-C4BD63921743}.Debug|x86.ActiveCfg = Debug|Any CPU
		{B6C15D59-AAC3-4540-BC25-C4BD63921743}.Debug|x86.Build.0 = Debug|Any CPU
		{B6C15D59-AAC3-4540-BC25-C4BD63921743}.Release|Any CPU.ActiveCfg = Release|Any CPU
		{B6C15D59-AAC3-4540-BC25-C4BD63921743}.Release|Any CPU.Build.0 = Release|Any CPU
		{B6C15D59-AAC3-4540-BC25-C4BD63921743}.Release|x64.ActiveCfg = Release|Any CPU
		{B6C15D59-AAC3-4540-BC25-C4BD63921743}.Release|x64.Build.0 = Release|Any CPU
		{B6C15D59-AAC3-4540-BC25-C4BD63921743}.Release|x86.ActiveCfg = Release|Any CPU
		{B6C15D59-AAC3-4540-BC25-C4BD63921743}.Release|x86.Build.0 = Release|Any CPU
		{9DAD8E02-6D9D-4E65-AD51-57D503E86CA0}.Debug|Any CPU.ActiveCfg = Debug|Any CPU
		{9DAD8E02-6D9D-4E65-AD51-57D503E86CA0}.Debug|Any CPU.Build.0 = Debug|Any CPU
		{9DAD8E02-6D9D-4E65-AD51-57D503E86CA0}.Debug|x64.ActiveCfg = Debug|Any CPU
		{9DAD8E02-6D9D-4E65-AD51-57D503E86CA0}.Debug|x64.Build.0 = Debug|Any CPU
		{9DAD8E02-6D9D-4E65-AD51-57D503E86CA0}.Debug|x86.ActiveCfg = Debug|Any CPU
		{9DAD8E02-6D9D-4E65-AD51-57D503E86CA0}.Debug|x86.Build.0 = Debug|Any CPU
		{9DAD8E02-6D9D-4E65-AD51-57D503E86CA0}.Release|Any CPU.ActiveCfg = Release|Any CPU
		{9DAD8E02-6D9D-4E65-AD51-57D503E86CA0}.Release|Any CPU.Build.0 = Release|Any CPU
		{9DAD8E02-6D9D-4E65-AD51-57D503E86CA0}.Release|x64.ActiveCfg = Release|Any CPU
		{9DAD8E02-6D9D-4E65-AD51-57D503E86CA0}.Release|x64.Build.0 = Release|Any CPU
		{9DAD8E02-6D9D-4E65-AD51-57D503E86CA0}.Release|x86.ActiveCfg = Release|Any CPU
		{9DAD8E02-6D9D-4E65-AD51-57D503E86CA0}.Release|x86.Build.0 = Release|Any CPU
		{715F0DE8-9CC2-4FB3-B17B-F16DBCBBF504}.Debug|Any CPU.ActiveCfg = Debug|Any CPU
		{715F0DE8-9CC2-4FB3-B17B-F16DBCBBF504}.Debug|Any CPU.Build.0 = Debug|Any CPU
		{715F0DE8-9CC2-4FB3-B17B-F16DBCBBF504}.Debug|x64.ActiveCfg = Debug|Any CPU
		{715F0DE8-9CC2-4FB3-B17B-F16DBCBBF504}.Debug|x64.Build.0 = Debug|Any CPU
		{715F0DE8-9CC2-4FB3-B17B-F16DBCBBF504}.Debug|x86.ActiveCfg = Debug|Any CPU
		{715F0DE8-9CC2-4FB3-B17B-F16DBCBBF504}.Debug|x86.Build.0 = Debug|Any CPU
		{715F0DE8-9CC2-4FB3-B17B-F16DBCBBF504}.Release|Any CPU.ActiveCfg = Release|Any CPU
		{715F0DE8-9CC2-4FB3-B17B-F16DBCBBF504}.Release|Any CPU.Build.0 = Release|Any CPU
		{715F0DE8-9CC2-4FB3-B17B-F16DBCBBF504}.Release|x64.ActiveCfg = Release|Any CPU
		{715F0DE8-9CC2-4FB3-B17B-F16DBCBBF504}.Release|x64.Build.0 = Release|Any CPU
		{715F0DE8-9CC2-4FB3-B17B-F16DBCBBF504}.Release|x86.ActiveCfg = Release|Any CPU
		{715F0DE8-9CC2-4FB3-B17B-F16DBCBBF504}.Release|x86.Build.0 = Release|Any CPU
		{0E6D550A-432B-4A9B-9997-BBBBCBA51B72}.Debug|Any CPU.ActiveCfg = Debug|Any CPU
		{0E6D550A-432B-4A9B-9997-BBBBCBA51B72}.Debug|Any CPU.Build.0 = Debug|Any CPU
		{0E6D550A-432B-4A9B-9997-BBBBCBA51B72}.Debug|x64.ActiveCfg = Debug|Any CPU
		{0E6D550A-432B-4A9B-9997-BBBBCBA51B72}.Debug|x64.Build.0 = Debug|Any CPU
		{0E6D550A-432B-4A9B-9997-BBBBCBA51B72}.Debug|x86.ActiveCfg = Debug|Any CPU
		{0E6D550A-432B-4A9B-9997-BBBBCBA51B72}.Debug|x86.Build.0 = Debug|Any CPU
		{0E6D550A-432B-4A9B-9997-BBBBCBA51B72}.Release|Any CPU.ActiveCfg = Release|Any CPU
		{0E6D550A-432B-4A9B-9997-BBBBCBA51B72}.Release|Any CPU.Build.0 = Release|Any CPU
		{0E6D550A-432B-4A9B-9997-BBBBCBA51B72}.Release|x64.ActiveCfg = Release|Any CPU
		{0E6D550A-432B-4A9B-9997-BBBBCBA51B72}.Release|x64.Build.0 = Release|Any CPU
		{0E6D550A-432B-4A9B-9997-BBBBCBA51B72}.Release|x86.ActiveCfg = Release|Any CPU
		{0E6D550A-432B-4A9B-9997-BBBBCBA51B72}.Release|x86.Build.0 = Release|Any CPU
		{9F7FCC58-C24D-4072-8BEA-2FD247948CBE}.Debug|Any CPU.ActiveCfg = Debug|Any CPU
		{9F7FCC58-C24D-4072-8BEA-2FD247948CBE}.Debug|Any CPU.Build.0 = Debug|Any CPU
		{9F7FCC58-C24D-4072-8BEA-2FD247948CBE}.Debug|x64.ActiveCfg = Debug|Any CPU
		{9F7FCC58-C24D-4072-8BEA-2FD247948CBE}.Debug|x64.Build.0 = Debug|Any CPU
		{9F7FCC58-C24D-4072-8BEA-2FD247948CBE}.Debug|x86.ActiveCfg = Debug|Any CPU
		{9F7FCC58-C24D-4072-8BEA-2FD247948CBE}.Debug|x86.Build.0 = Debug|Any CPU
		{9F7FCC58-C24D-4072-8BEA-2FD247948CBE}.Release|Any CPU.ActiveCfg = Release|Any CPU
		{9F7FCC58-C24D-4072-8BEA-2FD247948CBE}.Release|Any CPU.Build.0 = Release|Any CPU
		{9F7FCC58-C24D-4072-8BEA-2FD247948CBE}.Release|x64.ActiveCfg = Release|Any CPU
		{9F7FCC58-C24D-4072-8BEA-2FD247948CBE}.Release|x64.Build.0 = Release|Any CPU
		{9F7FCC58-C24D-4072-8BEA-2FD247948CBE}.Release|x86.ActiveCfg = Release|Any CPU
		{9F7FCC58-C24D-4072-8BEA-2FD247948CBE}.Release|x86.Build.0 = Release|Any CPU
		{0E05AE27-740B-481A-837F-124AA763BF93}.Debug|Any CPU.ActiveCfg = Debug|Any CPU
		{0E05AE27-740B-481A-837F-124AA763BF93}.Debug|Any CPU.Build.0 = Debug|Any CPU
		{0E05AE27-740B-481A-837F-124AA763BF93}.Debug|x64.ActiveCfg = Debug|Any CPU
		{0E05AE27-740B-481A-837F-124AA763BF93}.Debug|x64.Build.0 = Debug|Any CPU
		{0E05AE27-740B-481A-837F-124AA763BF93}.Debug|x86.ActiveCfg = Debug|Any CPU
		{0E05AE27-740B-481A-837F-124AA763BF93}.Debug|x86.Build.0 = Debug|Any CPU
		{0E05AE27-740B-481A-837F-124AA763BF93}.Release|Any CPU.ActiveCfg = Release|Any CPU
		{0E05AE27-740B-481A-837F-124AA763BF93}.Release|Any CPU.Build.0 = Release|Any CPU
		{0E05AE27-740B-481A-837F-124AA763BF93}.Release|x64.ActiveCfg = Release|Any CPU
		{0E05AE27-740B-481A-837F-124AA763BF93}.Release|x64.Build.0 = Release|Any CPU
		{0E05AE27-740B-481A-837F-124AA763BF93}.Release|x86.ActiveCfg = Release|Any CPU
		{0E05AE27-740B-481A-837F-124AA763BF93}.Release|x86.Build.0 = Release|Any CPU
		{A73DD112-F339-4B5D-8A46-0252089735F4}.Debug|Any CPU.ActiveCfg = Debug|Any CPU
		{A73DD112-F339-4B5D-8A46-0252089735F4}.Debug|Any CPU.Build.0 = Debug|Any CPU
		{A73DD112-F339-4B5D-8A46-0252089735F4}.Debug|x64.ActiveCfg = Debug|Any CPU
		{A73DD112-F339-4B5D-8A46-0252089735F4}.Debug|x64.Build.0 = Debug|Any CPU
		{A73DD112-F339-4B5D-8A46-0252089735F4}.Debug|x86.ActiveCfg = Debug|Any CPU
		{A73DD112-F339-4B5D-8A46-0252089735F4}.Debug|x86.Build.0 = Debug|Any CPU
		{A73DD112-F339-4B5D-8A46-0252089735F4}.Release|Any CPU.ActiveCfg = Release|Any CPU
		{A73DD112-F339-4B5D-8A46-0252089735F4}.Release|Any CPU.Build.0 = Release|Any CPU
		{A73DD112-F339-4B5D-8A46-0252089735F4}.Release|x64.ActiveCfg = Release|Any CPU
		{A73DD112-F339-4B5D-8A46-0252089735F4}.Release|x64.Build.0 = Release|Any CPU
		{A73DD112-F339-4B5D-8A46-0252089735F4}.Release|x86.ActiveCfg = Release|Any CPU
		{A73DD112-F339-4B5D-8A46-0252089735F4}.Release|x86.Build.0 = Release|Any CPU
		{30E68FB1-4AE0-45F8-8368-053B1D8C4B53}.Debug|Any CPU.ActiveCfg = Debug|Any CPU
		{30E68FB1-4AE0-45F8-8368-053B1D8C4B53}.Debug|Any CPU.Build.0 = Debug|Any CPU
		{30E68FB1-4AE0-45F8-8368-053B1D8C4B53}.Debug|x64.ActiveCfg = Debug|Any CPU
		{30E68FB1-4AE0-45F8-8368-053B1D8C4B53}.Debug|x64.Build.0 = Debug|Any CPU
		{30E68FB1-4AE0-45F8-8368-053B1D8C4B53}.Debug|x86.ActiveCfg = Debug|Any CPU
		{30E68FB1-4AE0-45F8-8368-053B1D8C4B53}.Debug|x86.Build.0 = Debug|Any CPU
		{30E68FB1-4AE0-45F8-8368-053B1D8C4B53}.Release|Any CPU.ActiveCfg = Release|Any CPU
		{30E68FB1-4AE0-45F8-8368-053B1D8C4B53}.Release|Any CPU.Build.0 = Release|Any CPU
		{30E68FB1-4AE0-45F8-8368-053B1D8C4B53}.Release|x64.ActiveCfg = Release|Any CPU
		{30E68FB1-4AE0-45F8-8368-053B1D8C4B53}.Release|x64.Build.0 = Release|Any CPU
		{30E68FB1-4AE0-45F8-8368-053B1D8C4B53}.Release|x86.ActiveCfg = Release|Any CPU
		{30E68FB1-4AE0-45F8-8368-053B1D8C4B53}.Release|x86.Build.0 = Release|Any CPU
	EndGlobalSection
	GlobalSection(NestedProjects) = preSolution
		{54C93563-048C-4285-8A50-135E283E2063} = {29D2AFDC-5447-442B-A6D1-C1B988C5DED1}
		{5D81C37E-F71F-41F7-90D1-72BF38C18793} = {29D2AFDC-5447-442B-A6D1-C1B988C5DED1}
		{CBAAECE8-9F01-4FC3-B850-CCB48F72F845} = {29D2AFDC-5447-442B-A6D1-C1B988C5DED1}
		{BFD9F3C4-EDB6-4907-BD5D-8E82EC579D12} = {1A618EA6-333E-4386-97B5-BD650D0BD920}
		{7750E554-7354-4A19-AFA0-73889AA36EB4} = {1A618EA6-333E-4386-97B5-BD650D0BD920}
		{C1983797-5A34-4181-8639-898020791691} = {FD8B31E2-D9FB-4E7A-B196-58D5F0D2058B}
		{0CBA6082-9B19-4477-B6FE-5B091799A4A5} = {C1983797-5A34-4181-8639-898020791691}
		{8526345D-EBEE-4F33-BE57-B29E56FDF6D7} = {C1983797-5A34-4181-8639-898020791691}
		{88A36BF4-28BB-4C27-8F4D-15FBB3008F71} = {F8EF0398-00B6-4BEC-8A4B-C271BCD5423D}
		{CA3C2188-0FC4-4220-9FA7-F3ED3A4693E6} = {C1983797-5A34-4181-8639-898020791691}
		{68265214-96E7-419D-A909-36E0BC702034} = {C1983797-5A34-4181-8639-898020791691}
		{26426B6D-544C-415E-884B-FD561465C841} = {C1983797-5A34-4181-8639-898020791691}
		{7CFC02F7-6C7C-44AE-9524-7FB491281344} = {26426B6D-544C-415E-884B-FD561465C841}
		{B6C15D59-AAC3-4540-BC25-C4BD63921743} = {26426B6D-544C-415E-884B-FD561465C841}
		{9DAD8E02-6D9D-4E65-AD51-57D503E86CA0} = {26426B6D-544C-415E-884B-FD561465C841}
		{715F0DE8-9CC2-4FB3-B17B-F16DBCBBF504} = {26426B6D-544C-415E-884B-FD561465C841}
		{0E6D550A-432B-4A9B-9997-BBBBCBA51B72} = {29D2AFDC-5447-442B-A6D1-C1B988C5DED1}
		{9F7FCC58-C24D-4072-8BEA-2FD247948CBE} = {29D2AFDC-5447-442B-A6D1-C1B988C5DED1}
		{0E05AE27-740B-481A-837F-124AA763BF93} = {29D2AFDC-5447-442B-A6D1-C1B988C5DED1}
		{A73DD112-F339-4B5D-8A46-0252089735F4} = {F8EF0398-00B6-4BEC-8A4B-C271BCD5423D}
		{30E68FB1-4AE0-45F8-8368-053B1D8C4B53} = {1A618EA6-333E-4386-97B5-BD650D0BD920}
	EndGlobalSection
EndGlobal
