
Microsoft Visual Studio Solution File, Format Version 12.00
# Visual Studio 15
VisualStudioVersion = 15.0.26124.0
MinimumVisualStudioVersion = 15.0.26124.0
Project("{F2A71F9B-5D33-465A-A702-920D77279786}") = "enty.Core", "src\enty.Core\enty.Core.fsproj", "{63152C32-447E-4414-AF36-A3CC43904CCA}"
EndProject
Project("{F2A71F9B-5D33-465A-A702-920D77279786}") = "enty.Utils", "src\enty.Utils\enty.Utils.fsproj", "{2323FA74-495B-4702-9BC0-DD346E24286D}"
EndProject
Project("{F2A71F9B-5D33-465A-A702-920D77279786}") = "enty.Mind", "src\enty.Mind\enty.Mind.fsproj", "{54C93563-048C-4285-8A50-135E283E2063}"
EndProject
Project("{F2A71F9B-5D33-465A-A702-920D77279786}") = "enty.Storage.FileSystem", "src\enty.Storage.FileSystem\enty.Storage.FileSystem.fsproj", "{6FA690E3-150A-4CD5-B1BA-71F8E215A081}"
EndProject
Project("{F2A71F9B-5D33-465A-A702-920D77279786}") = "enty.Mind.Client", "src\enty.Mind.Client\enty.Mind.Client.fsproj", "{5D81C37E-F71F-41F7-90D1-72BF38C18793}"
EndProject
Project("{F2A71F9B-5D33-465A-A702-920D77279786}") = "enty.Mind.Server", "src\enty.Mind.Server\enty.Mind.Server.fsproj", "{CBAAECE8-9F01-4FC3-B850-CCB48F72F845}"
EndProject
Project("{F2A71F9B-5D33-465A-A702-920D77279786}") = "enty.Mind.Server.Api", "src\enty.Mind.Server.Api\enty.Mind.Server.Api.fsproj", "{D4B45B39-7FA5-4075-AE27-3F4E58531718}"
EndProject
Project("{F2A71F9B-5D33-465A-A702-920D77279786}") = "enty.Storage.FileSystem.Cli", "src\enty.Storage.FileSystem.Cli\enty.Storage.FileSystem.Cli.fsproj", "{331D1BD1-8152-4055-831E-BD1F6AB9EB88}"
EndProject
Project("{2150E333-8FDC-42A3-9474-1A3956D46DE8}") = "Mind", "Mind", "{29D2AFDC-5447-442B-A6D1-C1B988C5DED1}"
EndProject
Project("{2150E333-8FDC-42A3-9474-1A3956D46DE8}") = "Storage", "Storage", "{F8EF0398-00B6-4BEC-8A4B-C271BCD5423D}"
EndProject
Project("{2150E333-8FDC-42A3-9474-1A3956D46DE8}") = "Libs", "Libs", "{FD8B31E2-D9FB-4E7A-B196-58D5F0D2058B}"
EndProject
Project("{F2A71F9B-5D33-465A-A702-920D77279786}") = "FApi", "lib\FApi\FApi.fsproj", "{7CFC02F7-6C7C-44AE-9524-7FB491281344}"
EndProject
Project("{F2A71F9B-5D33-465A-A702-920D77279786}") = "FApi.Giraffe", "lib\FApi.Giraffe\FApi.Giraffe.fsproj", "{8526345D-EBEE-4F33-BE57-B29E56FDF6D7}"
EndProject
Global
	GlobalSection(SolutionConfigurationPlatforms) = preSolution
		Debug|Any CPU = Debug|Any CPU
		Debug|x64 = Debug|x64
		Debug|x86 = Debug|x86
		Release|Any CPU = Release|Any CPU
		Release|x64 = Release|x64
		Release|x86 = Release|x86
	EndGlobalSection
	GlobalSection(SolutionProperties) = preSolution
		HideSolutionNode = FALSE
	EndGlobalSection
	GlobalSection(ProjectConfigurationPlatforms) = postSolution
		{63152C32-447E-4414-AF36-A3CC43904CCA}.Debug|Any CPU.ActiveCfg = Debug|Any CPU
		{63152C32-447E-4414-AF36-A3CC43904CCA}.Debug|Any CPU.Build.0 = Debug|Any CPU
		{63152C32-447E-4414-AF36-A3CC43904CCA}.Debug|x64.ActiveCfg = Debug|Any CPU
		{63152C32-447E-4414-AF36-A3CC43904CCA}.Debug|x64.Build.0 = Debug|Any CPU
		{63152C32-447E-4414-AF36-A3CC43904CCA}.Debug|x86.ActiveCfg = Debug|Any CPU
		{63152C32-447E-4414-AF36-A3CC43904CCA}.Debug|x86.Build.0 = Debug|Any CPU
		{63152C32-447E-4414-AF36-A3CC43904CCA}.Release|Any CPU.ActiveCfg = Release|Any CPU
		{63152C32-447E-4414-AF36-A3CC43904CCA}.Release|Any CPU.Build.0 = Release|Any CPU
		{63152C32-447E-4414-AF36-A3CC43904CCA}.Release|x64.ActiveCfg = Release|Any CPU
		{63152C32-447E-4414-AF36-A3CC43904CCA}.Release|x64.Build.0 = Release|Any CPU
		{63152C32-447E-4414-AF36-A3CC43904CCA}.Release|x86.ActiveCfg = Release|Any CPU
		{63152C32-447E-4414-AF36-A3CC43904CCA}.Release|x86.Build.0 = Release|Any CPU
		{2323FA74-495B-4702-9BC0-DD346E24286D}.Debug|Any CPU.ActiveCfg = Debug|Any CPU
		{2323FA74-495B-4702-9BC0-DD346E24286D}.Debug|Any CPU.Build.0 = Debug|Any CPU
		{2323FA74-495B-4702-9BC0-DD346E24286D}.Debug|x64.ActiveCfg = Debug|Any CPU
		{2323FA74-495B-4702-9BC0-DD346E24286D}.Debug|x64.Build.0 = Debug|Any CPU
		{2323FA74-495B-4702-9BC0-DD346E24286D}.Debug|x86.ActiveCfg = Debug|Any CPU
		{2323FA74-495B-4702-9BC0-DD346E24286D}.Debug|x86.Build.0 = Debug|Any CPU
		{2323FA74-495B-4702-9BC0-DD346E24286D}.Release|Any CPU.ActiveCfg = Release|Any CPU
		{2323FA74-495B-4702-9BC0-DD346E24286D}.Release|Any CPU.Build.0 = Release|Any CPU
		{2323FA74-495B-4702-9BC0-DD346E24286D}.Release|x64.ActiveCfg = Release|Any CPU
		{2323FA74-495B-4702-9BC0-DD346E24286D}.Release|x64.Build.0 = Release|Any CPU
		{2323FA74-495B-4702-9BC0-DD346E24286D}.Release|x86.ActiveCfg = Release|Any CPU
		{2323FA74-495B-4702-9BC0-DD346E24286D}.Release|x86.Build.0 = Release|Any CPU
		{54C93563-048C-4285-8A50-135E283E2063}.Debug|Any CPU.ActiveCfg = Debug|Any CPU
		{54C93563-048C-4285-8A50-135E283E2063}.Debug|Any CPU.Build.0 = Debug|Any CPU
		{54C93563-048C-4285-8A50-135E283E2063}.Debug|x64.ActiveCfg = Debug|Any CPU
		{54C93563-048C-4285-8A50-135E283E2063}.Debug|x64.Build.0 = Debug|Any CPU
		{54C93563-048C-4285-8A50-135E283E2063}.Debug|x86.ActiveCfg = Debug|Any CPU
		{54C93563-048C-4285-8A50-135E283E2063}.Debug|x86.Build.0 = Debug|Any CPU
		{54C93563-048C-4285-8A50-135E283E2063}.Release|Any CPU.ActiveCfg = Release|Any CPU
		{54C93563-048C-4285-8A50-135E283E2063}.Release|Any CPU.Build.0 = Release|Any CPU
		{54C93563-048C-4285-8A50-135E283E2063}.Release|x64.ActiveCfg = Release|Any CPU
		{54C93563-048C-4285-8A50-135E283E2063}.Release|x64.Build.0 = Release|Any CPU
		{54C93563-048C-4285-8A50-135E283E2063}.Release|x86.ActiveCfg = Release|Any CPU
		{54C93563-048C-4285-8A50-135E283E2063}.Release|x86.Build.0 = Release|Any CPU
		{6FA690E3-150A-4CD5-B1BA-71F8E215A081}.Debug|Any CPU.ActiveCfg = Debug|Any CPU
		{6FA690E3-150A-4CD5-B1BA-71F8E215A081}.Debug|Any CPU.Build.0 = Debug|Any CPU
		{6FA690E3-150A-4CD5-B1BA-71F8E215A081}.Debug|x64.ActiveCfg = Debug|Any CPU
		{6FA690E3-150A-4CD5-B1BA-71F8E215A081}.Debug|x64.Build.0 = Debug|Any CPU
		{6FA690E3-150A-4CD5-B1BA-71F8E215A081}.Debug|x86.ActiveCfg = Debug|Any CPU
		{6FA690E3-150A-4CD5-B1BA-71F8E215A081}.Debug|x86.Build.0 = Debug|Any CPU
		{6FA690E3-150A-4CD5-B1BA-71F8E215A081}.Release|Any CPU.ActiveCfg = Release|Any CPU
		{6FA690E3-150A-4CD5-B1BA-71F8E215A081}.Release|Any CPU.Build.0 = Release|Any CPU
		{6FA690E3-150A-4CD5-B1BA-71F8E215A081}.Release|x64.ActiveCfg = Release|Any CPU
		{6FA690E3-150A-4CD5-B1BA-71F8E215A081}.Release|x64.Build.0 = Release|Any CPU
		{6FA690E3-150A-4CD5-B1BA-71F8E215A081}.Release|x86.ActiveCfg = Release|Any CPU
		{6FA690E3-150A-4CD5-B1BA-71F8E215A081}.Release|x86.Build.0 = Release|Any CPU
		{5D81C37E-F71F-41F7-90D1-72BF38C18793}.Debug|Any CPU.ActiveCfg = Debug|Any CPU
		{5D81C37E-F71F-41F7-90D1-72BF38C18793}.Debug|Any CPU.Build.0 = Debug|Any CPU
		{5D81C37E-F71F-41F7-90D1-72BF38C18793}.Debug|x64.ActiveCfg = Debug|Any CPU
		{5D81C37E-F71F-41F7-90D1-72BF38C18793}.Debug|x64.Build.0 = Debug|Any CPU
		{5D81C37E-F71F-41F7-90D1-72BF38C18793}.Debug|x86.ActiveCfg = Debug|Any CPU
		{5D81C37E-F71F-41F7-90D1-72BF38C18793}.Debug|x86.Build.0 = Debug|Any CPU
		{5D81C37E-F71F-41F7-90D1-72BF38C18793}.Release|Any CPU.ActiveCfg = Release|Any CPU
		{5D81C37E-F71F-41F7-90D1-72BF38C18793}.Release|Any CPU.Build.0 = Release|Any CPU
		{5D81C37E-F71F-41F7-90D1-72BF38C18793}.Release|x64.ActiveCfg = Release|Any CPU
		{5D81C37E-F71F-41F7-90D1-72BF38C18793}.Release|x64.Build.0 = Release|Any CPU
		{5D81C37E-F71F-41F7-90D1-72BF38C18793}.Release|x86.ActiveCfg = Release|Any CPU
		{5D81C37E-F71F-41F7-90D1-72BF38C18793}.Release|x86.Build.0 = Release|Any CPU
		{CBAAECE8-9F01-4FC3-B850-CCB48F72F845}.Debug|Any CPU.ActiveCfg = Debug|Any CPU
		{CBAAECE8-9F01-4FC3-B850-CCB48F72F845}.Debug|Any CPU.Build.0 = Debug|Any CPU
		{CBAAECE8-9F01-4FC3-B850-CCB48F72F845}.Debug|x64.ActiveCfg = Debug|Any CPU
		{CBAAECE8-9F01-4FC3-B850-CCB48F72F845}.Debug|x64.Build.0 = Debug|Any CPU
		{CBAAECE8-9F01-4FC3-B850-CCB48F72F845}.Debug|x86.ActiveCfg = Debug|Any CPU
		{CBAAECE8-9F01-4FC3-B850-CCB48F72F845}.Debug|x86.Build.0 = Debug|Any CPU
		{CBAAECE8-9F01-4FC3-B850-CCB48F72F845}.Release|Any CPU.ActiveCfg = Release|Any CPU
		{CBAAECE8-9F01-4FC3-B850-CCB48F72F845}.Release|Any CPU.Build.0 = Release|Any CPU
		{CBAAECE8-9F01-4FC3-B850-CCB48F72F845}.Release|x64.ActiveCfg = Release|Any CPU
		{CBAAECE8-9F01-4FC3-B850-CCB48F72F845}.Release|x64.Build.0 = Release|Any CPU
		{CBAAECE8-9F01-4FC3-B850-CCB48F72F845}.Release|x86.ActiveCfg = Release|Any CPU
		{CBAAECE8-9F01-4FC3-B850-CCB48F72F845}.Release|x86.Build.0 = Release|Any CPU
		{D4B45B39-7FA5-4075-AE27-3F4E58531718}.Debug|Any CPU.ActiveCfg = Debug|Any CPU
		{D4B45B39-7FA5-4075-AE27-3F4E58531718}.Debug|Any CPU.Build.0 = Debug|Any CPU
		{D4B45B39-7FA5-4075-AE27-3F4E58531718}.Debug|x64.ActiveCfg = Debug|Any CPU
		{D4B45B39-7FA5-4075-AE27-3F4E58531718}.Debug|x64.Build.0 = Debug|Any CPU
		{D4B45B39-7FA5-4075-AE27-3F4E58531718}.Debug|x86.ActiveCfg = Debug|Any CPU
		{D4B45B39-7FA5-4075-AE27-3F4E58531718}.Debug|x86.Build.0 = Debug|Any CPU
		{D4B45B39-7FA5-4075-AE27-3F4E58531718}.Release|Any CPU.ActiveCfg = Release|Any CPU
		{D4B45B39-7FA5-4075-AE27-3F4E58531718}.Release|Any CPU.Build.0 = Release|Any CPU
		{D4B45B39-7FA5-4075-AE27-3F4E58531718}.Release|x64.ActiveCfg = Release|Any CPU
		{D4B45B39-7FA5-4075-AE27-3F4E58531718}.Release|x64.Build.0 = Release|Any CPU
		{D4B45B39-7FA5-4075-AE27-3F4E58531718}.Release|x86.ActiveCfg = Release|Any CPU
		{D4B45B39-7FA5-4075-AE27-3F4E58531718}.Release|x86.Build.0 = Release|Any CPU
		{331D1BD1-8152-4055-831E-BD1F6AB9EB88}.Debug|Any CPU.ActiveCfg = Debug|Any CPU
		{331D1BD1-8152-4055-831E-BD1F6AB9EB88}.Debug|Any CPU.Build.0 = Debug|Any CPU
		{331D1BD1-8152-4055-831E-BD1F6AB9EB88}.Debug|x64.ActiveCfg = Debug|Any CPU
		{331D1BD1-8152-4055-831E-BD1F6AB9EB88}.Debug|x64.Build.0 = Debug|Any CPU
		{331D1BD1-8152-4055-831E-BD1F6AB9EB88}.Debug|x86.ActiveCfg = Debug|Any CPU
		{331D1BD1-8152-4055-831E-BD1F6AB9EB88}.Debug|x86.Build.0 = Debug|Any CPU
		{331D1BD1-8152-4055-831E-BD1F6AB9EB88}.Release|Any CPU.ActiveCfg = Release|Any CPU
		{331D1BD1-8152-4055-831E-BD1F6AB9EB88}.Release|Any CPU.Build.0 = Release|Any CPU
		{331D1BD1-8152-4055-831E-BD1F6AB9EB88}.Release|x64.ActiveCfg = Release|Any CPU
		{331D1BD1-8152-4055-831E-BD1F6AB9EB88}.Release|x64.Build.0 = Release|Any CPU
		{331D1BD1-8152-4055-831E-BD1F6AB9EB88}.Release|x86.ActiveCfg = Release|Any CPU
		{331D1BD1-8152-4055-831E-BD1F6AB9EB88}.Release|x86.Build.0 = Release|Any CPU
		{7CFC02F7-6C7C-44AE-9524-7FB491281344}.Debug|Any CPU.ActiveCfg = Debug|Any CPU
		{7CFC02F7-6C7C-44AE-9524-7FB491281344}.Debug|Any CPU.Build.0 = Debug|Any CPU
		{7CFC02F7-6C7C-44AE-9524-7FB491281344}.Debug|x64.ActiveCfg = Debug|Any CPU
		{7CFC02F7-6C7C-44AE-9524-7FB491281344}.Debug|x64.Build.0 = Debug|Any CPU
		{7CFC02F7-6C7C-44AE-9524-7FB491281344}.Debug|x86.ActiveCfg = Debug|Any CPU
		{7CFC02F7-6C7C-44AE-9524-7FB491281344}.Debug|x86.Build.0 = Debug|Any CPU
		{7CFC02F7-6C7C-44AE-9524-7FB491281344}.Release|Any CPU.ActiveCfg = Release|Any CPU
		{7CFC02F7-6C7C-44AE-9524-7FB491281344}.Release|Any CPU.Build.0 = Release|Any CPU
		{7CFC02F7-6C7C-44AE-9524-7FB491281344}.Release|x64.ActiveCfg = Release|Any CPU
		{7CFC02F7-6C7C-44AE-9524-7FB491281344}.Release|x64.Build.0 = Release|Any CPU
		{7CFC02F7-6C7C-44AE-9524-7FB491281344}.Release|x86.ActiveCfg = Release|Any CPU
		{7CFC02F7-6C7C-44AE-9524-7FB491281344}.Release|x86.Build.0 = Release|Any CPU
		{8526345D-EBEE-4F33-BE57-B29E56FDF6D7}.Debug|Any CPU.ActiveCfg = Debug|Any CPU
		{8526345D-EBEE-4F33-BE57-B29E56FDF6D7}.Debug|Any CPU.Build.0 = Debug|Any CPU
		{8526345D-EBEE-4F33-BE57-B29E56FDF6D7}.Debug|x64.ActiveCfg = Debug|Any CPU
		{8526345D-EBEE-4F33-BE57-B29E56FDF6D7}.Debug|x64.Build.0 = Debug|Any CPU
		{8526345D-EBEE-4F33-BE57-B29E56FDF6D7}.Debug|x86.ActiveCfg = Debug|Any CPU
		{8526345D-EBEE-4F33-BE57-B29E56FDF6D7}.Debug|x86.Build.0 = Debug|Any CPU
		{8526345D-EBEE-4F33-BE57-B29E56FDF6D7}.Release|Any CPU.ActiveCfg = Release|Any CPU
		{8526345D-EBEE-4F33-BE57-B29E56FDF6D7}.Release|Any CPU.Build.0 = Release|Any CPU
		{8526345D-EBEE-4F33-BE57-B29E56FDF6D7}.Release|x64.ActiveCfg = Release|Any CPU
		{8526345D-EBEE-4F33-BE57-B29E56FDF6D7}.Release|x64.Build.0 = Release|Any CPU
		{8526345D-EBEE-4F33-BE57-B29E56FDF6D7}.Release|x86.ActiveCfg = Release|Any CPU
		{8526345D-EBEE-4F33-BE57-B29E56FDF6D7}.Release|x86.Build.0 = Release|Any CPU
	EndGlobalSection
	GlobalSection(NestedProjects) = preSolution
		{54C93563-048C-4285-8A50-135E283E2063} = {29D2AFDC-5447-442B-A6D1-C1B988C5DED1}
		{5D81C37E-F71F-41F7-90D1-72BF38C18793} = {29D2AFDC-5447-442B-A6D1-C1B988C5DED1}
		{CBAAECE8-9F01-4FC3-B850-CCB48F72F845} = {29D2AFDC-5447-442B-A6D1-C1B988C5DED1}
		{D4B45B39-7FA5-4075-AE27-3F4E58531718} = {29D2AFDC-5447-442B-A6D1-C1B988C5DED1}
		{6FA690E3-150A-4CD5-B1BA-71F8E215A081} = {F8EF0398-00B6-4BEC-8A4B-C271BCD5423D}
		{331D1BD1-8152-4055-831E-BD1F6AB9EB88} = {F8EF0398-00B6-4BEC-8A4B-C271BCD5423D}
		{7CFC02F7-6C7C-44AE-9524-7FB491281344} = {FD8B31E2-D9FB-4E7A-B196-58D5F0D2058B}
		{8526345D-EBEE-4F33-BE57-B29E56FDF6D7} = {FD8B31E2-D9FB-4E7A-B196-58D5F0D2058B}
	EndGlobalSection
EndGlobal
